// !$*UTF8*$!
{
	archiveVersion = 1;
	classes = {
	};
	objectVersion = 77;
	objects = {

/* Begin PBXContainerItemProxy section */
		D925261A2E204F9300F3D39A /* PBXContainerItemProxy */ = {
			isa = PBXContainerItemProxy;
			containerPortal = D92526012E204F9200F3D39A /* Project object */;
			proxyType = 1;
			remoteGlobalIDString = D92526082E204F9200F3D39A;
			remoteInfo = Expedite;
		};
		D92526242E204F9300F3D39A /* PBXContainerItemProxy */ = {
			isa = PBXContainerItemProxy;
			containerPortal = D92526012E204F9200F3D39A /* Project object */;
			proxyType = 1;
			remoteGlobalIDString = D92526082E204F9200F3D39A;
			remoteInfo = Expedite;
		};
/* End PBXContainerItemProxy section */

/* Begin PBXFileReference section */
		D92526092E204F9200F3D39A /* Expedite.app */ = {isa = PBXFileReference; explicitFileType = wrapper.application; includeInIndex = 0; path = Expedite.app; sourceTree = BUILT_PRODUCTS_DIR; };
		D92526192E204F9300F3D39A /* ExpediteTests.xctest */ = {isa = PBXFileReference; explicitFileType = wrapper.cfbundle; includeInIndex = 0; path = ExpediteTests.xctest; sourceTree = BUILT_PRODUCTS_DIR; };
		D92526232E204F9300F3D39A /* ExpediteUITests.xctest */ = {isa = PBXFileReference; explicitFileType = wrapper.cfbundle; includeInIndex = 0; path = ExpediteUITests.xctest; sourceTree = BUILT_PRODUCTS_DIR; };
/* End PBXFileReference section */

/* Begin PBXFileSystemSynchronizedRootGroup section */
		D925260B2E204F9200F3D39A /* Expedite */ = {
			isa = PBXFileSystemSynchronizedRootGroup;
			path = Expedite;
			sourceTree = "<group>";
		};
		D925261C2E204F9300F3D39A /* ExpediteTests */ = {
			isa = PBXFileSystemSynchronizedRootGroup;
			path = ExpediteTests;
			sourceTree = "<group>";
		};
		D92526262E204F9300F3D39A /* ExpediteUITests */ = {
			isa = PBXFileSystemSynchronizedRootGroup;
			path = ExpediteUITests;
			sourceTree = "<group>";
		};
/* End PBXFileSystemSynchronizedRootGroup section */

/* Begin PBXFrameworksBuildPhase section */
		D92526062E204F9200F3D39A /* Frameworks */ = {
			isa = PBXFrameworksBuildPhase;
			buildActionMask = 2147483647;
			files = (
			);
			runOnlyForDeploymentPostprocessing = 0;
		};
		D92526162E204F9300F3D39A /* Frameworks */ = {
			isa = PBXFrameworksBuildPhase;
			buildActionMask = 2147483647;
			files = (
			);
			runOnlyForDeploymentPostprocessing = 0;
		};
		D92526202E204F9300F3D39A /* Frameworks */ = {
			isa = PBXFrameworksBuildPhase;
			buildActionMask = 2147483647;
			files = (
			);
			runOnlyForDeploymentPostprocessing = 0;
		};
/* End PBXFrameworksBuildPhase section */

/* Begin PBXGroup section */
		D92526002E204F9200F3D39A = {
			isa = PBXGroup;
			children = (
				D925260B2E204F9200F3D39A /* Expedite */,
				D925261C2E204F9300F3D39A /* ExpediteTests */,
				D92526262E204F9300F3D39A /* ExpediteUITests */,
				D925260A2E204F9200F3D39A /* Products */,
			);
			sourceTree = "<group>";
		};
		D925260A2E204F9200F3D39A /* Products */ = {
			isa = PBXGroup;
			children = (
				D92526092E204F9200F3D39A /* Expedite.app */,
				D92526192E204F9300F3D39A /* ExpediteTests.xctest */,
				D92526232E204F9300F3D39A /* ExpediteUITests.xctest */,
			);
			name = Products;
			sourceTree = "<group>";
		};
/* End PBXGroup section */

/* Begin PBXNativeTarget section */
		D92526082E204F9200F3D39A /* Expedite */ = {
			isa = PBXNativeTarget;
			buildConfigurationList = D925262D2E204F9300F3D39A /* Build configuration list for PBXNativeTarget "Expedite" */;
			buildPhases = (
				D92526052E204F9200F3D39A /* Sources */,
				D92526062E204F9200F3D39A /* Frameworks */,
				D92526072E204F9200F3D39A /* Resources */,
			);
			buildRules = (
			);
			dependencies = (
			);
			fileSystemSynchronizedGroups = (
				D925260B2E204F9200F3D39A /* Expedite */,
			);
			name = Expedite;
			packageProductDependencies = (
			);
			productName = Expedite;
			productReference = D92526092E204F9200F3D39A /* Expedite.app */;
			productType = "com.apple.product-type.application";
		};
		D92526182E204F9300F3D39A /* ExpediteTests */ = {
			isa = PBXNativeTarget;
			buildConfigurationList = D92526302E204F9300F3D39A /* Build configuration list for PBXNativeTarget "ExpediteTests" */;
			buildPhases = (
				D92526152E204F9300F3D39A /* Sources */,
				D92526162E204F9300F3D39A /* Frameworks */,
				D92526172E204F9300F3D39A /* Resources */,
			);
			buildRules = (
			);
			dependencies = (
				D925261B2E204F9300F3D39A /* PBXTargetDependency */,
			);
			fileSystemSynchronizedGroups = (
				D925261C2E204F9300F3D39A /* ExpediteTests */,
			);
			name = ExpediteTests;
			packageProductDependencies = (
			);
			productName = ExpediteTests;
			productReference = D92526192E204F9300F3D39A /* ExpediteTests.xctest */;
			productType = "com.apple.product-type.bundle.unit-test";
		};
		D92526222E204F9300F3D39A /* ExpediteUITests */ = {
			isa = PBXNativeTarget;
			buildConfigurationList = D92526332E204F9300F3D39A /* Build configuration list for PBXNativeTarget "ExpediteUITests" */;
			buildPhases = (
				D925261F2E204F9300F3D39A /* Sources */,
				D92526202E204F9300F3D39A /* Frameworks */,
				D92526212E204F9300F3D39A /* Resources */,
			);
			buildRules = (
			);
			dependencies = (
				D92526252E204F9300F3D39A /* PBXTargetDependency */,
			);
			fileSystemSynchronizedGroups = (
				D92526262E204F9300F3D39A /* ExpediteUITests */,
			);
			name = ExpediteUITests;
			packageProductDependencies = (
			);
			productName = ExpediteUITests;
			productReference = D92526232E204F9300F3D39A /* ExpediteUITests.xctest */;
			productType = "com.apple.product-type.bundle.ui-testing";
		};
/* End PBXNativeTarget section */

/* Begin PBXProject section */
		D92526012E204F9200F3D39A /* Project object */ = {
			isa = PBXProject;
			attributes = {
				BuildIndependentTargetsInParallel = 1;
				LastSwiftUpdateCheck = 1640;
				LastUpgradeCheck = 1640;
				TargetAttributes = {
					D92526082E204F9200F3D39A = {
						CreatedOnToolsVersion = 16.4;
					};
					D92526182E204F9300F3D39A = {
						CreatedOnToolsVersion = 16.4;
						TestTargetID = D92526082E204F9200F3D39A;
					};
					D92526222E204F9300F3D39A = {
						CreatedOnToolsVersion = 16.4;
						TestTargetID = D92526082E204F9200F3D39A;
					};
				};
			};
			buildConfigurationList = D92526042E204F9200F3D39A /* Build configuration list for PBXProject "Expedite" */;
			developmentRegion = en;
			hasScannedForEncodings = 0;
			knownRegions = (
				en,
				Base,
			);
			mainGroup = D92526002E204F9200F3D39A;
			minimizedProjectReferenceProxies = 1;
			preferredProjectObjectVersion = 77;
			productRefGroup = D925260A2E204F9200F3D39A /* Products */;
			projectDirPath = "";
			projectRoot = "";
			targets = (
				D92526082E204F9200F3D39A /* Expedite */,
				D92526182E204F9300F3D39A /* ExpediteTests */,
				D92526222E204F9300F3D39A /* ExpediteUITests */,
			);
		};
/* End PBXProject section */

/* Begin PBXResourcesBuildPhase section */
		D92526072E204F9200F3D39A /* Resources */ = {
			isa = PBXResourcesBuildPhase;
			buildActionMask = 2147483647;
			files = (
			);
			runOnlyForDeploymentPostprocessing = 0;
		};
		D92526172E204F9300F3D39A /* Resources */ = {
			isa = PBXResourcesBuildPhase;
			buildActionMask = 2147483647;
			files = (
			);
			runOnlyForDeploymentPostprocessing = 0;
		};
		D92526212E204F9300F3D39A /* Resources */ = {
			isa = PBXResourcesBuildPhase;
			buildActionMask = 2147483647;
			files = (
			);
			runOnlyForDeploymentPostprocessing = 0;
		};
/* End PBXResourcesBuildPhase section */

/* Begin PBXSourcesBuildPhase section */
		D92526052E204F9200F3D39A /* Sources */ = {
			isa = PBXSourcesBuildPhase;
			buildActionMask = 2147483647;
			files = (
			);
			runOnlyForDeploymentPostprocessing = 0;
		};
		D92526152E204F9300F3D39A /* Sources */ = {
			isa = PBXSourcesBuildPhase;
			buildActionMask = 2147483647;
			files = (
			);
			runOnlyForDeploymentPostprocessing = 0;
		};
		D925261F2E204F9300F3D39A /* Sources */ = {
			isa = PBXSourcesBuildPhase;
			buildActionMask = 2147483647;
			files = (
			);
			runOnlyForDeploymentPostprocessing = 0;
		};
/* End PBXSourcesBuildPhase section */

/* Begin PBXTargetDependency section */
		D925261B2E204F9300F3D39A /* PBXTargetDependency */ = {
			isa = PBXTargetDependency;
			target = D92526082E204F9200F3D39A /* Expedite */;
			targetProxy = D925261A2E204F9300F3D39A /* PBXContainerItemProxy */;
		};
		D92526252E204F9300F3D39A /* PBXTargetDependency */ = {
			isa = PBXTargetDependency;
			target = D92526082E204F9200F3D39A /* Expedite */;
			targetProxy = D92526242E204F9300F3D39A /* PBXContainerItemProxy */;
		};
/* End PBXTargetDependency section */

/* Begin XCBuildConfiguration section */
		D925262B2E204F9300F3D39A /* Debug */ = {
			isa = XCBuildConfiguration;
			buildSettings = {
				ALWAYS_SEARCH_USER_PATHS = NO;
				ASSETCATALOG_COMPILER_GENERATE_SWIFT_ASSET_SYMBOL_EXTENSIONS = YES;
				CLANG_ANALYZER_NONNULL = YES;
				CLANG_ANALYZER_NUMBER_OBJECT_CONVERSION = YES_AGGRESSIVE;
				CLANG_CXX_LANGUAGE_STANDARD = "gnu++20";
				CLANG_ENABLE_MODULES = YES;
				CLANG_ENABLE_OBJC_ARC = YES;
				CLANG_ENABLE_OBJC_WEAK = YES;
				CLANG_WARN_BLOCK_CAPTURE_AUTORELEASING = YES;
				CLANG_WARN_BOOL_CONVERSION = YES;
				CLANG_WARN_COMMA = YES;
				CLANG_WARN_CONSTANT_CONVERSION = YES;
				CLANG_WARN_DEPRECATED_OBJC_IMPLEMENTATIONS = YES;
				CLANG_WARN_DIRECT_OBJC_ISA_USAGE = YES_ERROR;
				CLANG_WARN_DOCUMENTATION_COMMENTS = YES;
				CLANG_WARN_EMPTY_BODY = YES;
				CLANG_WARN_ENUM_CONVERSION = YES;
				CLANG_WARN_INFINITE_RECURSION = YES;
				CLANG_WARN_INT_CONVERSION = YES;
				CLANG_WARN_NON_LITERAL_NULL_CONVERSION = YES;
				CLANG_WARN_OBJC_IMPLICIT_RETAIN_SELF = YES;
				CLANG_WARN_OBJC_LITERAL_CONVERSION = YES;
				CLANG_WARN_OBJC_ROOT_CLASS = YES_ERROR;
				CLANG_WARN_QUOTED_INCLUDE_IN_FRAMEWORK_HEADER = YES;
				CLANG_WARN_RANGE_LOOP_ANALYSIS = YES;
				CLANG_WARN_STRICT_PROTOTYPES = YES;
				CLANG_WARN_SUSPICIOUS_MOVE = YES;
				CLANG_WARN_UNGUARDED_AVAILABILITY = YES_AGGRESSIVE;
				CLANG_WARN_UNREACHABLE_CODE = YES;
				CLANG_WARN__DUPLICATE_METHOD_MATCH = YES;
				COPY_PHASE_STRIP = NO;
				DEBUG_INFORMATION_FORMAT = dwarf;
				ENABLE_STRICT_OBJC_MSGSEND = YES;
				ENABLE_TESTABILITY = YES;
				ENABLE_USER_SCRIPT_SANDBOXING = YES;
				GCC_C_LANGUAGE_STANDARD = gnu17;
				GCC_DYNAMIC_NO_PIC = NO;
				GCC_NO_COMMON_BLOCKS = YES;
				GCC_OPTIMIZATION_LEVEL = 0;
				GCC_PREPROCESSOR_DEFINITIONS = (
					"DEBUG=1",
					"$(inherited)",
				);
				GCC_WARN_64_TO_32_BIT_CONVERSION = YES;
				GCC_WARN_ABOUT_RETURN_TYPE = YES_ERROR;
				GCC_WARN_UNDECLARED_SELECTOR = YES;
				GCC_WARN_UNINITIALIZED_AUTOS = YES_AGGRESSIVE;
				GCC_WARN_UNUSED_FUNCTION = YES;
				GCC_WARN_UNUSED_VARIABLE = YES;
				LOCALIZATION_PREFERS_STRING_CATALOGS = YES;
				MACOSX_DEPLOYMENT_TARGET = 15.5;
				MTL_ENABLE_DEBUG_INFO = INCLUDE_SOURCE;
				MTL_FAST_MATH = YES;
				ONLY_ACTIVE_ARCH = YES;
				SDKROOT = macosx;
				SWIFT_ACTIVE_COMPILATION_CONDITIONS = "DEBUG $(inherited)";
				SWIFT_OPTIMIZATION_LEVEL = "-Onone";
			};
			name = Debug;
		};
		D925262C2E204F9300F3D39A /* Release */ = {
			isa = XCBuildConfiguration;
			buildSettings = {
				ALWAYS_SEARCH_USER_PATHS = NO;
				ASSETCATALOG_COMPILER_GENERATE_SWIFT_ASSET_SYMBOL_EXTENSIONS = YES;
				CLANG_ANALYZER_NONNULL = YES;
				CLANG_ANALYZER_NUMBER_OBJECT_CONVERSION = YES_AGGRESSIVE;
				CLANG_CXX_LANGUAGE_STANDARD = "gnu++20";
				CLANG_ENABLE_MODULES = YES;
				CLANG_ENABLE_OBJC_ARC = YES;
				CLANG_ENABLE_OBJC_WEAK = YES;
				CLANG_WARN_BLOCK_CAPTURE_AUTORELEASING = YES;
				CLANG_WARN_BOOL_CONVERSION = YES;
				CLANG_WARN_COMMA = YES;
				CLANG_WARN_CONSTANT_CONVERSION = YES;
				CLANG_WARN_DEPRECATED_OBJC_IMPLEMENTATIONS = YES;
				CLANG_WARN_DIRECT_OBJC_ISA_USAGE = YES_ERROR;
				CLANG_WARN_DOCUMENTATION_COMMENTS = YES;
				CLANG_WARN_EMPTY_BODY = YES;
				CLANG_WARN_ENUM_CONVERSION = YES;
				CLANG_WARN_INFINITE_RECURSION = YES;
				CLANG_WARN_INT_CONVERSION = YES;
				CLANG_WARN_NON_LITERAL_NULL_CONVERSION = YES;
				CLANG_WARN_OBJC_IMPLICIT_RETAIN_SELF = YES;
				CLANG_WARN_OBJC_LITERAL_CONVERSION = YES;
				CLANG_WARN_OBJC_ROOT_CLASS = YES_ERROR;
				CLANG_WARN_QUOTED_INCLUDE_IN_FRAMEWORK_HEADER = YES;
				CLANG_WARN_RANGE_LOOP_ANALYSIS = YES;
				CLANG_WARN_STRICT_PROTOTYPES = YES;
				CLANG_WARN_SUSPICIOUS_MOVE = YES;
				CLANG_WARN_UNGUARDED_AVAILABILITY = YES_AGGRESSIVE;
				CLANG_WARN_UNREACHABLE_CODE = YES;
				CLANG_WARN__DUPLICATE_METHOD_MATCH = YES;
				COPY_PHASE_STRIP = NO;
				DEBUG_INFORMATION_FORMAT = "dwarf-with-dsym";
				ENABLE_NS_ASSERTIONS = NO;
				ENABLE_STRICT_OBJC_MSGSEND = YES;
				ENABLE_USER_SCRIPT_SANDBOXING = YES;
				GCC_C_LANGUAGE_STANDARD = gnu17;
				GCC_NO_COMMON_BLOCKS = YES;
				GCC_WARN_64_TO_32_BIT_CONVERSION = YES;
				GCC_WARN_ABOUT_RETURN_TYPE = YES_ERROR;
				GCC_WARN_UNDECLARED_SELECTOR = YES;
				GCC_WARN_UNINITIALIZED_AUTOS = YES_AGGRESSIVE;
				GCC_WARN_UNUSED_FUNCTION = YES;
				GCC_WARN_UNUSED_VARIABLE = YES;
				LOCALIZATION_PREFERS_STRING_CATALOGS = YES;
				MACOSX_DEPLOYMENT_TARGET = 15.5;
				MTL_ENABLE_DEBUG_INFO = NO;
				MTL_FAST_MATH = YES;
				SDKROOT = macosx;
				SWIFT_COMPILATION_MODE = wholemodule;
			};
			name = Release;
		};
		D925262E2E204F9300F3D39A /* Debug */ = {
			isa = XCBuildConfiguration;
			buildSettings = {
				ASSETCATALOG_COMPILER_APPICON_NAME = AppIcon;
				ASSETCATALOG_COMPILER_GLOBAL_ACCENT_COLOR_NAME = AccentColor;
				CODE_SIGN_ENTITLEMENTS = Expedite/Expedite.entitlements;
				CODE_SIGN_STYLE = Automatic;
				COMBINE_HIDPI_IMAGES = YES;
				CURRENT_PROJECT_VERSION = 1;
				ENABLE_PREVIEWS = YES;
				GENERATE_INFOPLIST_FILE = YES;
				INFOPLIST_KEY_NSHumanReadableCopyright = "";
				LD_RUNPATH_SEARCH_PATHS = (
					"$(inherited)",
					"@executable_path/../Frameworks",
				);
				MACOSX_DEPLOYMENT_TARGET = 14.0;
				MARKETING_VERSION = 1.0;
				PRODUCT_BUNDLE_IDENTIFIER = com.elfen.Expedite;
				PRODUCT_NAME = "$(TARGET_NAME)";
				REGISTER_APP_GROUPS = YES;
				SWIFT_EMIT_LOC_STRINGS = YES;
				SWIFT_VERSION = 5.0;
			};
			name = Debug;
		};
		D925262F2E204F9300F3D39A /* Release */ = {
			isa = XCBuildConfiguration;
			buildSettings = {
				ASSETCATALOG_COMPILER_APPICON_NAME = AppIcon;
				ASSETCATALOG_COMPILER_GLOBAL_ACCENT_COLOR_NAME = AccentColor;
				CODE_SIGN_ENTITLEMENTS = Expedite/Expedite.entitlements;
				CODE_SIGN_STYLE = Automatic;
				COMBINE_HIDPI_IMAGES = YES;
				CURRENT_PROJECT_VERSION = 1;
				ENABLE_PREVIEWS = YES;
				GENERATE_INFOPLIST_FILE = YES;
				INFOPLIST_KEY_NSHumanReadableCopyright = "";
				LD_RUNPATH_SEARCH_PATHS = (
					"$(inherited)",
					"@executable_path/../Frameworks",
				);
				MACOSX_DEPLOYMENT_TARGET = 14.0;
				MARKETING_VERSION = 1.0;
				PRODUCT_BUNDLE_IDENTIFIER = com.elfen.Expedite;
				PRODUCT_NAME = "$(TARGET_NAME)";
				REGISTER_APP_GROUPS = YES;
				SWIFT_EMIT_LOC_STRINGS = YES;
				SWIFT_VERSION = 5.0;
			};
			name = Release;
		};
		D92526312E204F9300F3D39A /* Debug */ = {
			isa = XCBuildConfiguration;
			buildSettings = {
				BUNDLE_LOADER = "$(TEST_HOST)";
				CODE_SIGN_STYLE = Automatic;
				CURRENT_PROJECT_VERSION = 1;
				GENERATE_INFOPLIST_FILE = YES;
				MACOSX_DEPLOYMENT_TARGET = 14.0;
				MARKETING_VERSION = 1.0;
				PRODUCT_BUNDLE_IDENTIFIER = com.elfen.ExpediteTests;
				PRODUCT_NAME = "$(TARGET_NAME)";
				SWIFT_EMIT_LOC_STRINGS = NO;
				SWIFT_VERSION = 5.0;
				TEST_HOST = "$(BUILT_PRODUCTS_DIR)/Expedite.app/$(BUNDLE_EXECUTABLE_FOLDER_PATH)/Expedite";
			};
			name = Debug;
		};
		D92526322E204F9300F3D39A /* Release */ = {
			isa = XCBuildConfiguration;
			buildSettings = {
				BUNDLE_LOADER = "$(TEST_HOST)";
				CODE_SIGN_STYLE = Automatic;
				CURRENT_PROJECT_VERSION = 1;
				GENERATE_INFOPLIST_FILE = YES;
				MACOSX_DEPLOYMENT_TARGET = 14.0;
				MARKETING_VERSION = 1.0;
				PRODUCT_BUNDLE_IDENTIFIER = com.elfen.ExpediteTests;
				PRODUCT_NAME = "$(TARGET_NAME)";
				SWIFT_EMIT_LOC_STRINGS = NO;
				SWIFT_VERSION = 5.0;
				TEST_HOST = "$(BUILT_PRODUCTS_DIR)/Expedite.app/$(BUNDLE_EXECUTABLE_FOLDER_PATH)/Expedite";
			};
			name = Release;
		};
		D92526342E204F9300F3D39A /* Debug */ = {
			isa = XCBuildConfiguration;
			buildSettings = {
				CODE_SIGN_STYLE = Automatic;
				CURRENT_PROJECT_VERSION = 1;
				GENERATE_INFOPLIST_FILE = YES;
				MARKETING_VERSION = 1.0;
				PRODUCT_BUNDLE_IDENTIFIER = com.elfen.ExpediteUITests;
				PRODUCT_NAME = "$(TARGET_NAME)";
				SWIFT_EMIT_LOC_STRINGS = NO;
				SWIFT_VERSION = 5.0;
				TEST_TARGET_NAME = Expedite;
			};
			name = Debug;
		};
		D92526352E204F9300F3D39A /* Release */ = {
			isa = XCBuildConfiguration;
			buildSettings = {
				CODE_SIGN_STYLE = Automatic;
				CURRENT_PROJECT_VERSION = 1;
				GENERATE_INFOPLIST_FILE = YES;
				MARKETING_VERSION = 1.0;
				PRODUCT_BUNDLE_IDENTIFIER = com.elfen.ExpediteUITests;
				PRODUCT_NAME = "$(TARGET_NAME)";
				SWIFT_EMIT_LOC_STRINGS = NO;
				SWIFT_VERSION = 5.0;
				TEST_TARGET_NAME = Expedite;
			};
			name = Release;
		};
/* End XCBuildConfiguration section */

/* Begin XCConfigurationList section */
		D92526042E204F9200F3D39A /* Build configuration list for PBXProject "Expedite" */ = {
			isa = XCConfigurationList;
			buildConfigurations = (
				D925262B2E204F9300F3D39A /* Debug */,
				D925262C2E204F9300F3D39A /* Release */,
			);
			defaultConfigurationIsVisible = 0;
			defaultConfigurationName = Release;
		};
		D925262D2E204F9300F3D39A /* Build configuration list for PBXNativeTarget "Expedite" */ = {
			isa = XCConfigurationList;
			buildConfigurations = (
				D925262E2E204F9300F3D39A /* Debug */,
				D925262F2E204F9300F3D39A /* Release */,
			);
			defaultConfigurationIsVisible = 0;
			defaultConfigurationName = Release;
		};
		D92526302E204F9300F3D39A /* Build configuration list for PBXNativeTarget "ExpediteTests" */ = {
			isa = XCConfigurationList;
			buildConfigurations = (
				D92526312E204F9300F3D39A /* Debug */,
				D92526322E204F9300F3D39A /* Release */,
			);
			defaultConfigurationIsVisible = 0;
			defaultConfigurationName = Release;
		};
		D92526332E204F9300F3D39A /* Build configuration list for PBXNativeTarget "ExpediteUITests" */ = {
			isa = XCConfigurationList;
			buildConfigurations = (
				D92526342E204F9300F3D39A /* Debug */,
				D92526352E204F9300F3D39A /* Release */,
			);
			defaultConfigurationIsVisible = 0;
			defaultConfigurationName = Release;
		};
/* End XCConfigurationList section */
	};
	rootObject = D92526012E204F9200F3D39A /* Project object */;
}
